
Microsoft Visual Studio Solution File, Format Version 12.00
# Visual Studio Version 16
VisualStudioVersion = 16.0.31321.278
MinimumVisualStudioVersion = 10.0.40219.1
Project("{FAE04EC0-301F-11D3-BF4B-00C04F79EFBC}") = "ScaleAndRefl", "ScaleAndRefl\ScaleAndRefl.csproj", "{C4A672F7-3518-4160-AF00-5C26896CDE7E}"
EndProject
Global
	GlobalSection(SolutionConfigurationPlatforms) = preSolution
		Debug|Any CPU = Debug|Any CPU
		Release|Any CPU = Release|Any CPU
	EndGlobalSection
	GlobalSection(ProjectConfigurationPlatforms) = postSolution
		{C4A672F7-3518-4160-AF00-5C26896CDE7E}.Debug|Any CPU.ActiveCfg = Debug|Any CPU
		{C4A672F7-3518-4160-AF00-5C26896CDE7E}.Debug|Any CPU.Build.0 = Debug|Any CPU
		{C4A672F7-3518-4160-AF00-5C26896CDE7E}.Release|Any CPU.ActiveCfg = Release|Any CPU
		{C4A672F7-3518-4160-AF00-5C26896CDE7E}.Release|Any CPU.Build.0 = Release|Any CPU
	EndGlobalSection
	GlobalSection(SolutionProperties) = preSolution
		HideSolutionNode = FALSE
	EndGlobalSection
	GlobalSection(ExtensibilityGlobals) = postSolution
		SolutionGuid = {4356A793-16FE-46CA-AFA2-63EA8D3BAF51}
	EndGlobalSection
EndGlobal
